
Microsoft Visual Studio Solution File, Format Version 12.00
# Visual Studio Version 17
VisualStudioVersion = 17.9.34622.214
MinimumVisualStudioVersion = 10.0.40219.1
Project("{9A19103F-16F7-4668-BE54-9A1E7A4F7556}") = "BingSearchSample01", "BingSearchSample01\BingSearchSample01.csproj", "{FDF380C6-05D1-4A69-B197-D9AF5DA263B0}"
EndProject
Project("{9A19103F-16F7-4668-BE54-9A1E7A4F7556}") = "MSGraphSample01", "MSGraphSample01\MSGraphSample01.csproj", "{E09A57C0-623A-4CFC-9C5E-1C0C287218F6}"
EndProject
Project("{FAE04EC0-301F-11D3-BF4B-00C04F79EFBC}") = "PlannerFileReadSample01", "PlannerFileReadSample01\PlannerFileReadSample01.csproj", "{CDAA9CDA-FE90-482F-BA4F-5B8FC72622B8}"
EndProject
Global
	GlobalSection(SolutionConfigurationPlatforms) = preSolution
		Debug|Any CPU = Debug|Any CPU
		Release|Any CPU = Release|Any CPU
	EndGlobalSection
	GlobalSection(ProjectConfigurationPlatforms) = postSolution
		{FDF380C6-05D1-4A69-B197-D9AF5DA263B0}.Debug|Any CPU.ActiveCfg = Debug|Any CPU
		{FDF380C6-05D1-4A69-B197-D9AF5DA263B0}.Debug|Any CPU.Build.0 = Debug|Any CPU
		{FDF380C6-05D1-4A69-B197-D9AF5DA263B0}.Release|Any CPU.ActiveCfg = Release|Any CPU
		{FDF380C6-05D1-4A69-B197-D9AF5DA263B0}.Release|Any CPU.Build.0 = Release|Any CPU
		{E09A57C0-623A-4CFC-9C5E-1C0C287218F6}.Debug|Any CPU.ActiveCfg = Debug|Any CPU
		{E09A57C0-623A-4CFC-9C5E-1C0C287218F6}.Debug|Any CPU.Build.0 = Debug|Any CPU
		{E09A57C0-623A-4CFC-9C5E-1C0C287218F6}.Release|Any CPU.ActiveCfg = Release|Any CPU
		{E09A57C0-623A-4CFC-9C5E-1C0C287218F6}.Release|Any CPU.Build.0 = Release|Any CPU
		{CDAA9CDA-FE90-482F-BA4F-5B8FC72622B8}.Debug|Any CPU.ActiveCfg = Debug|Any CPU
		{CDAA9CDA-FE90-482F-BA4F-5B8FC72622B8}.Debug|Any CPU.Build.0 = Debug|Any CPU
		{CDAA9CDA-FE90-482F-BA4F-5B8FC72622B8}.Release|Any CPU.ActiveCfg = Release|Any CPU
		{CDAA9CDA-FE90-482F-BA4F-5B8FC72622B8}.Release|Any CPU.Build.0 = Release|Any CPU
	EndGlobalSection
	GlobalSection(SolutionProperties) = preSolution
		HideSolutionNode = FALSE
	EndGlobalSection
	GlobalSection(ExtensibilityGlobals) = postSolution
		SolutionGuid = {645820CC-5361-439A-A4B3-EE0AC904019B}
	EndGlobalSection
EndGlobal
